github.com/BurntSushi/toml v0.3.1/go.mod h1:xHWCNGjB5oqiDr8zfno3MHue2Ht5sIBksp03qcyfWMU=
github.com/GehirnInc/crypt v0.0.0-20190301055215-6c0105aabd46 h1:rs0kDBt2zF4/CM9rO5/iH+U22jnTygPlqWgX55Ufcxg=
github.com/GehirnInc/crypt v0.0.0-20190301055215-6c0105aabd46/go.mod h1:kC29dT1vFpj7py2OvG1khBdQpo3kInWP+6QipLbdngo=
github.com/bifurcation/mint v0.0.0-20180715133206-93c51c6ce115/go.mod h1:zVt7zX3K/aDCk9Tj+VM7YymsX66ERvzCJzw8rFCX2JU=
github.com/cenkalti/backoff v2.1.1+incompatible/go.mod h1:90ReRw6GdpyfrHakVjL/QHaoyV4aDUVVkXQJJJ3NXXM=
github.com/cheekybits/genny v0.0.0-20170328200008-9127e812e1e9/go.mod h1:+tQajlRqAUrPI7DOSpB0XAqZYtQakVtB7wXkRAgjxjQ=
github.com/davecgh/go-spew v1.1.0/go.mod h1:J7Y8YcW2NihsgmVo/mv3lAwl/skON4iLHjSsI+c5H38=
github.com/davecgh/go-spew v1.1.1 h1:vj9j/u1bqnvCEfJOwUhtlOARqs3+rkHYY13jYWTU97c=
github.com/davecgh/go-spew v1.1.1/go.mod h1:J7Y8YcW2NihsgmVo/mv3lAwl/skON4iLHjSsI+c5H38=
github.com/dustin/go-humanize v1.0.0/go.mod h1:HtrtbFcZ19U5GC7JDqmcUSB87Iq5E25KnS6fMYU6eOk=
github.com/emersion/go-imap v1.0.0-beta.4.0.20190504114255-4d5af3d05147/go.mod h1:mOPegfAgLVXbhRm1bh2JTX08z2Y3HYmKYpbrKDeAzsQ=
github.com/emersion/go-imap v1.0.0-rc.1.0.20190609205151-1bdc3f86477c h1:XfybAFPVyZm5O86tNFspFoptPFEivrL+QiYtGEqUIes=
github.com/emersion/go-imap v1.0.0-rc.1.0.20190609205151-1bdc3f86477c/go.mod h1:MEiDDwwQFcZ+L45Pa68jNGv0qU9kbW+SJzwDpvSfX1s=
github.com/emersion/go-imap v1.0.0-rc.2 h1:+us4+584bVl9EeBh6MwDo108mX2yHI1EP9oWKMEgwjE=
github.com/emersion/go-imap v1.0.0-rc.2/go.mod h1:MEiDDwwQFcZ+L45Pa68jNGv0qU9kbW+SJzwDpvSfX1s=
github.com/emersion/go-imap-appendlimit v0.0.0-20190308131241-25671c986a6a h1:bMdSPm6sssuOFpIaveu3XGAijMS3Tq2S3EqFZmZxidc=
github.com/emersion/go-imap-appendlimit v0.0.0-20190308131241-25671c986a6a/go.mod h1:ikgISoP7pRAolqsVP64yMteJa2FIpS6ju88eBT6K1yQ=
github.com/emersion/go-imap-compress v0.0.0-20170105185004-f036eda44681 h1:xihom5g2Ps+rZxfKiXMKjvWlvrrW4QjSu4Vz1wgT5es=
github.com/emersion/go-imap-compress v0.0.0-20170105185004-f036eda44681/go.mod h1:2Ro1PbmiqYiRe5Ct2sGR5hHaKSVHeRpVZwXx8vyYt98=
github.com/emersion/go-imap-idle v0.0.0-20190519112320-2704abd7050e h1:L7bswVJZcf2YHofgom49oFRwVqmBj/qZqDy9/SJpZMY=
github.com/emersion/go-imap-idle v0.0.0-20190519112320-2704abd7050e/go.mod h1:o14zPKCmEH5WC1vU5SdPoZGgNvQx7zzKSnxPQlobo78=
github.com/emersion/go-imap-move v0.0.0-20180601155324-5eb20cb834bf h1:TmRfuPmhrwAhWKu2XaBaY9N+anRRDBO+E8VRVO9g3fY=
github.com/emersion/go-imap-move v0.0.0-20180601155324-5eb20cb834bf/go.mod h1:QuMaZcKFDVI0yCrnAbPLfbwllz1wtOrZH8/vZ5yzp4w=
github.com/emersion/go-imap-specialuse v0.0.0-20161227184202-ba031ced6a62 h1:4ZAfwfc8aDlj26kkEap1UDSwwDnJp9Ie8Uj1MSXAkPk=
github.com/emersion/go-imap-specialuse v0.0.0-20161227184202-ba031ced6a62/go.mod h1:/nybxhI8kXom8Tw6BrHMl42usALvka6meORflnnYwe4=
github.com/emersion/go-imap-unselect v0.0.0-20171113212723-b985794e5f26 h1:FiSb8+XBQQSkcX3ubr+1tAtlRJBYaFmRZqOAweZ9Wy8=
github.com/emersion/go-imap-unselect v0.0.0-20171113212723-b985794e5f26/go.mod h1:+gnnZx3Mg3MnCzZrv0eZdp5puxXQUgGT/6N6L7ShKfM=
github.com/emersion/go-message v0.9.1 h1:s6HoJ6t+1wHWEs0G/QVR1r5bb6nvx2/b6DuQfknit14=
github.com/emersion/go-message v0.9.1/go.mod h1:m3cK90skCWxm5sIMs1sXxly4Tn9Plvcf6eayHZJ1NzM=
github.com/emersion/go-message v0.10.3 h1:4pajGb3Rq+gHLfRcWysgcwtGRNgLpB8LC6X/vRZ89d0=
github.com/emersion/go-message v0.10.3/go.mod h1:3h+HsGTCFHmk4ngJ2IV/YPhdlaOcR6hcgqM3yca9v7c=
github.com/emersion/go-message v0.10.4-0.20190609165112-592ace5bc1ca h1:OYhqtJI4eOLvGtRIsUfP87VMJ1J/o6ks1tah9DlYkn4=
github.com/emersion/go-message v0.10.4-0.20190609165112-592ace5bc1ca/go.mod h1:3h+HsGTCFHmk4ngJ2IV/YPhdlaOcR6hcgqM3yca9v7c=
github.com/emersion/go-milter v0.0.0-20190311184326-c3095a41a6fe/go.mod h1:aEaq7U51ARlk+2UeXTtdrDYeYWAUn/QjEwWzs7lD8OU=
github.com/emersion/go-msgauth v0.2.0 h1:/Ynvbm+9AWssfv31PXZb1S519Wp/2uyImbjwRWCaN00=
github.com/emersion/go-msgauth v0.2.0/go.mod h1:7r9HUSXL1dq+KK7Xqg0JlyBxNFGf5+JouRvSz4wBZCQ=
github.com/emersion/go-sasl v0.0.0-20161116183048-7e096a0a6197 h1:rDJPbyliyym8ZL/Wt71kdolp6yaD4fLIQz638E6JEt0=
github.com/emersion/go-sasl v0.0.0-20161116183048-7e096a0a6197/go.mod h1:G/dpzLu16WtQpBfQ/z3LYiYJn3ZhKSGWn83fyoyQe/k=
github.com/emersion/go-sasl v0.0.0-20190520160400-47d427600317 h1:tYZxAY8nu3JJQKios9f27Sbvbkfm4XHXT476gVtszu0=
github.com/emersion/go-sasl v0.0.0-20190520160400-47d427600317/go.mod h1:G/dpzLu16WtQpBfQ/z3LYiYJn3ZhKSGWn83fyoyQe/k=
github.com/emersion/go-smtp v0.11.1 h1:2IBWhU2zjrfOOmZal3qRxVsfYnf0rN+ccImZrjnMT7E=
github.com/emersion/go-smtp v0.11.1/go.mod h1:CfUbM5NgspbOMHFEgCdoK2PVrKt48HAPtL8hnahwfYg=
github.com/emersion/go-textwrapper v0.0.0-20160606182133-d0e65e56babe h1:40SWqY0zE3qCi6ZrtTf5OUdNm5lDnGnjRSq9GgmeTrg=
github.com/emersion/go-textwrapper v0.0.0-20160606182133-d0e65e56babe/go.mod h1:aqO8z8wPrjkscevZJFVE1wXJrLpC5LtJG7fqLOsPb2U=
github.com/flynn/go-shlex v0.0.0-20150515145356-3f9db97f8568/go.mod h1:xEzjJPgXI435gkrCt3MPfRiAkVrwSbHsst4LCFVfpJc=
github.com/foxcpp/go-imap-backend-tests v0.0.0-20190615132041-281c43ad777b h1:tCVjSRWQreyO85eyG7RBwjaEqFksylHTrNuuQMYte+c=
github.com/foxcpp/go-imap-backend-tests v0.0.0-20190615132041-281c43ad777b/go.mod h1:yUISYv/uXLQ6tQZcds/p/hdcZ5JzrEUifyED2VffWpc=
github.com/foxcpp/go-imap-sql v0.3.2-0.20190821212600-0d4a8738a5f9 h1:zxoXtMAKFk7ySNRbS4FZ3DhzqyPFN5wjVvfUia8YZS8=
github.com/foxcpp/go-imap-sql v0.3.2-0.20190821212600-0d4a8738a5f9/go.mod h1:3nz05d7b4eiDh5fXSsFMhEru0Hi4BaTG0+IaZVXEbQ8=
github.com/fsnotify/fsnotify v1.4.7/go.mod h1:jwhsz4b93w/PPRr/qN1Yymfu8t87LnFCMoQvtojpjFo=
github.com/go-acme/lego v2.5.0+incompatible/go.mod h1:yzMNe9CasVUhkquNvti5nAtPmG94USbYxYrZfTkIn0M=
github.com/go-sql-driver/mysql v1.4.1 h1:g24URVg0OFbNUTx9qqY1IRZ9D9z3iPyi5zKhQZpNwpA=
github.com/go-sql-driver/mysql v1.4.1/go.mod h1:zAC/RDZ24gD3HViQzih4MyKcchzm+sOG5ZlKdlhCg5w=
github.com/golang/mock v1.2.0/go.mod h1:oTYuIxOrZwtPieC+H1uAHpcLFnEyAGVDL/k47Jfbm0A=
github.com/golang/protobuf v1.2.0/go.mod h1:6lQm79b+lXiMfvg/cZm0SGofjICqVBUtrP5yJMmIC1U=
github.com/golang/protobuf v1.3.1/go.mod h1:6lQm79b+lXiMfvg/cZm0SGofjICqVBUtrP5yJMmIC1U=
github.com/google/go-cmp v0.2.0 h1:+dTQ8DZQJz0Mb/HjFlkptS1FeQ4cWSnN941F8aEG4SQ=
github.com/google/go-cmp v0.2.0/go.mod h1:oXzfMopK8JAjlY9xF4vHSVASa0yLyX7SntLO5aqRK0M=
github.com/google/go-cmp v0.3.0 h1:crn/baboCvb5fXaQ0IJ1SGTsTVrWpDsCWC8EGETZijY=
github.com/google/go-cmp v0.3.0/go.mod h1:8QqcDgzrUqlUb/G2PQTWiueGozuR1884gddMywk6iLU=
github.com/google/uuid v1.1.1 h1:Gkbcsh/GbpXz7lPftLA3P6TYMwjCLYm83jiFQZF/3gY=
github.com/google/uuid v1.1.1/go.mod h1:TIyPZe4MgqvfeYDBFedMoGGpEw/LqOeaOT+nhxU+yHo=
github.com/gorilla/websocket v1.4.0/go.mod h1:E7qHFY5m1UJ88s3WnNqhKjPHQ0heANvMoAMk2YaljkQ=
github.com/hashicorp/go-syslog v1.0.0/go.mod h1:qPfqrKkXGihmCqbJM2mZgkZGvKG1dFdvsLplgctolz4=
github.com/hashicorp/golang-lru v0.0.0-20180201235237-0fb14efe8c47/go.mod h1:/m3WP610KZHVQ1SGc6re/UDhFvYD7pJ4Ao+sR/qLZy8=
github.com/hpcloud/tail v1.0.0/go.mod h1:ab1qPbhIpdTxEkNHXyeSf5vhxWSCs/tWer42PpOxQnU=
github.com/jimstudt/http-authentication v0.0.0-20140401203705-3eca13d6893a/go.mod h1:wK6yTYYcgjHE1Z1QtXACPDjcFJyBskHEdagmnq3vsP8=
github.com/json-iterator/go v1.1.6 h1:MrUvLMLTMxbqFJ9kzlvat/rYZqZnW3u4wkLzWTaFwKs=
github.com/json-iterator/go v1.1.6/go.mod h1:+SdeFBvtyEkXs7REEP0seUULqWtbJapLOCVDaaPEHmU=
github.com/klauspost/cpuid v1.2.0/go.mod h1:Pj4uuM528wm8OyEC2QMXAi2YiTZ96dNQPGgoMS4s3ek=
github.com/kylelemons/godebug v0.0.0-20170820004349-d65d576e9348/go.mod h1:B69LEHPfb2qLo0BaaOLcbitczOKLWTsrBG9LczfCD4k=
github.com/lib/pq v1.1.1 h1:sJZmqHoEaY7f+NPP8pgLB/WxulyR3fewgCM2qaSlBb4=
github.com/lib/pq v1.1.1/go.mod h1:5WUZQaWbwv1U+lTReE5YruASi9Al49XbQIvNi/34Woo=
github.com/lucas-clemente/aes12 v0.0.0-20171027163421-cd47fb39b79f/go.mod h1:JpH9J1c9oX6otFSgdUHwUBUizmKlrMjxWnIAjff4m04=
github.com/lucas-clemente/quic-clients v0.1.0/go.mod h1:y5xVIEoObKqULIKivu+gD/LU90pL73bTdtQjPBvtCBk=
github.com/lucas-clemente/quic-go v0.10.2/go.mod h1:hvaRS9IHjFLMq76puFJeWNfmn+H70QZ/CXoxqw9bzao=
github.com/lucas-clemente/quic-go-certificates v0.0.0-20160823095156-d2f86524cced/go.mod h1:NCcRLrOTZbzhZvixZLlERbJtDtYsmMw8Jc4vS8Z0g58=
github.com/marten-seemann/qtls v0.2.3/go.mod h1:xzjG7avBwGGbdZ8dTGxlBnLArsVKLvwmjgmPuiQEcYk=
github.com/martinlindhe/base36 v0.0.0-20190418230009-7c6542dfbb41 h1:CVsnY46BCLkX9XOhALJ/S7yb9ayc4eqjXSXO3tyB66A=
github.com/martinlindhe/base36 v0.0.0-20190418230009-7c6542dfbb41/go.mod h1:+AtEs8xrBpCeYgSLoY/aJ6Wf37jtBuR0s35750M27+8=
github.com/mattn/go-sqlite3 v1.10.0 h1:jbhqpg7tQe4SupckyijYiy0mJJ/pRyHvXf7JdWK860o=
github.com/mattn/go-sqlite3 v1.10.0/go.mod h1:FPy6KqzDD04eiIsT53CuJW3U88zkxoIYsOqkbpncsNc=
github.com/mholt/caddy v1.0.0 h1:KI6RPGih2GFzWRPG8s9clKK28Ns4ZlVMKR/v7mxq6+c=
github.com/mholt/caddy v1.0.0/go.mod h1:PzUpQ3yGCTuEuy0KSxEeB4TZOi3zBZ8BR/zY0RBP414=
github.com/mholt/certmagic v0.5.0/go.mod h1:g4cOPxcjV0oFq3qwpjSA30LReKD8AoIfwAY9VvG35NY=
github.com/miekg/dns v1.1.3/go.mod h1:W1PPwlIAgtquWBMBEV9nkV9Cazfe8ScdGz/Lj7v3Nrg=
github.com/modern-go/concurrent v0.0.0-20180306012644-bacd9c7ef1dd h1:TRLaZ9cD/w8PVh93nsPXa1VrQ6jlwL5oN8l14QlcNfg=
github.com/modern-go/concurrent v0.0.0-20180306012644-bacd9c7ef1dd/go.mod h1:6dJC0mAP4ikYIbvyc7fijjWJddQyLn8Ig3JB5CqoB9Q=
github.com/modern-go/reflect2 v1.0.1 h1:9f412s+6RmYXLWZSEzVVgPGK7C2PphHj5RJrvfx9AWI=
github.com/modern-go/reflect2 v1.0.1/go.mod h1:bx2lNnkwVCuqBIxFjflWJWanXIb3RllmbCylyMrvgv0=
github.com/naoina/go-stringutil v0.1.0/go.mod h1:XJ2SJL9jCtBh+P9q5btrd/Ylo8XwT/h1USek5+NqSA0=
github.com/naoina/toml v0.1.1/go.mod h1:NBIhNtsFMo3G2szEBne+bO4gS192HuIYRqfvOWb4i1E=
github.com/onsi/ginkgo v1.6.0/go.mod h1:lLunBs/Ym6LB5Z9jYTR76FiuTmxDTDusOGeTQH+WWjE=
github.com/onsi/ginkgo v1.8.0/go.mod h1:lLunBs/Ym6LB5Z9jYTR76FiuTmxDTDusOGeTQH+WWjE=
github.com/onsi/gomega v1.5.0/go.mod h1:ex+gbHU/CVuBBDIJjb2X0qEXbFg53c61hWP/1CpauHY=
github.com/pkg/errors v0.8.1 h1:iURUrRGxPUNPdy5/HRSm+Yj6okJ6UtLINN0Q9M4+h3I=
github.com/pkg/errors v0.8.1/go.mod h1:bwawxfHBFNV+L2hUp1rHADufV3IMtnDRdf1r5NINEl0=
github.com/pmezard/go-difflib v1.0.0 h1:4DBwDE0NGyQoBHbLQYPwSUPoCMWR5BEzIk/f1lZbAQM=
github.com/pmezard/go-difflib v1.0.0/go.mod h1:iKH77koFhYxTK1pcRnkKkqfTogsbg7gZNVY4sRDYZ/4=
github.com/russross/blackfriday v0.0.0-20170610170232-067529f716f4/go.mod h1:JO/DiYxRf+HjHt06OyowR9PTA263kcR/rfWxYHBV53g=
github.com/stretchr/objx v0.1.0/go.mod h1:HFkY916IF+rwdDfMAkV7OtwuqBVzrE8GR6GFx+wExME=
github.com/stretchr/testify v1.3.0 h1:TivCn/peBQ7UY8ooIcPgZFpTNSz0Q2U6UrFlUfqbe0Q=
github.com/stretchr/testify v1.3.0/go.mod h1:M5WIy9Dh21IEIfnGCwXGc5bZfKNJtfHm1UVUgZn+9EI=
github.com/urfave/cli v1.20.0 h1:fDqGv3UG/4jbVl/QkFwEdddtEDjh/5Ov6X+0B/3bPaw=
github.com/urfave/cli v1.20.0/go.mod h1:70zkFmudgCuE/ngEzBv17Jvp/497gISqfk5gWijbERA=
golang.org/x/crypto v0.0.0-20190123085648-057139ce5d2b/go.mod h1:6SG95UA2DQfeDnfUPMdvaQW0Q7yPrPDi9nlGo2tz2b4=
golang.org/x/crypto v0.0.0-20190228161510-8dd112bcdc25/go.mod h1:djNgcEr1/C05ACkg1iLfiJU5Ep61QUkGW8qpdssI0+w=
golang.org/x/crypto v0.0.0-20190308221718-c2843e01d9a2/go.mod h1:djNgcEr1/C05ACkg1iLfiJU5Ep61QUkGW8qpdssI0+w=
golang.org/x/crypto v0.0.0-20190411191339-88737f569e3a h1:Igim7XhdOpBnWPuYJ70XcNpq8q3BCACtVgNfoJxOV7g=
golang.org/x/crypto v0.0.0-20190411191339-88737f569e3a/go.mod h1:WFFai1msRO1wXaEeE5yQxYXgSfI8pQAWXbQop6sCtWE=
golang.org/x/crypto v0.0.0-20190605123033-f99c8df09eb5 h1:58fnuSXlxZmFdJyvtTFVmVhcMLU6v5fEb/ok4wyqtNU=
golang.org/x/crypto v0.0.0-20190605123033-f99c8df09eb5/go.mod h1:yigFU9vqHzYiE8UmvKecakEJjdnWj3jj499lnFckfCI=
golang.org/x/crypto v0.0.0-20190611184440-5c40567a22f8 h1:1wopBVtVdWnn03fZelqdXTqk7U7zPQCb+T4rbU9ZEoU=
golang.org/x/crypto v0.0.0-20190611184440-5c40567a22f8/go.mod h1:yigFU9vqHzYiE8UmvKecakEJjdnWj3jj499lnFckfCI=
golang.org/x/net v0.0.0-20180906233101-161cd47e91fd/go.mod h1:mL1N/T3taQHkDXs73rZJwtUhF3w3ftmwwsq0BUmARs4=
golang.org/x/net v0.0.0-20190125091013-d26f9f9a57f3/go.mod h1:mL1N/T3taQHkDXs73rZJwtUhF3w3ftmwwsq0BUmARs4=
golang.org/x/net v0.0.0-20190311183353-d8887717615a/go.mod h1:t9HGtf8HONx5eT2rtn7q6eTqICYqUVnKs3thJo3Qplg=
golang.org/x/net v0.0.0-20190328230028-74de082e2cca/go.mod h1:t9HGtf8HONx5eT2rtn7q6eTqICYqUVnKs3thJo3Qplg=
golang.org/x/net v0.0.0-20190404232315-eb5bcb51f2a3/go.mod h1:t9HGtf8HONx5eT2rtn7q6eTqICYqUVnKs3thJo3Qplg=
golang.org/x/net v0.0.0-20190603091049-60506f45cf65/go.mod h1:HSz+uSET+XFnRR8LxR5pz3Of3rY3CfYBVs4xY44aLks=
golang.org/x/sync v0.0.0-20180314180146-1d60e4601c6f/go.mod h1:RxMgew5VJxzue5/jJTE5uejpjVlOe/izrB70Jof72aM=
golang.org/x/sync v0.0.0-20181221193216-37e7f081c4d4/go.mod h1:RxMgew5VJxzue5/jJTE5uejpjVlOe/izrB70Jof72aM=
golang.org/x/sync v0.0.0-20190423024810-112230192c58 h1:8gQV6CLnAEikrhgkHFbMAEhagSSnXWGV915qUMm9mrU=
golang.org/x/sync v0.0.0-20190423024810-112230192c58/go.mod h1:RxMgew5VJxzue5/jJTE5uejpjVlOe/izrB70Jof72aM=
golang.org/x/sys v0.0.0-20180909124046-d0be0721c37e/go.mod h1:STP8DvDyc/dI5b8T5hshtkjS+E42TnysNCUPdjciGhY=
golang.org/x/sys v0.0.0-20190124100055-b90733256f2e/go.mod h1:STP8DvDyc/dI5b8T5hshtkjS+E42TnysNCUPdjciGhY=
golang.org/x/sys v0.0.0-20190215142949-d0b11bdaac8a/go.mod h1:STP8DvDyc/dI5b8T5hshtkjS+E42TnysNCUPdjciGhY=
golang.org/x/sys v0.0.0-20190228124157-a34e9553db1e/go.mod h1:STP8DvDyc/dI5b8T5hshtkjS+E42TnysNCUPdjciGhY=
golang.org/x/sys v0.0.0-20190403152447-81d4e9dc473e/go.mod h1:h1NjWce9XRLGQEsW7wpKNCjG9DtNlClVuFLEZdDNbEs=
golang.org/x/sys v0.0.0-20190412213103-97732733099d h1:+R4KGOnez64A81RvjARKc4UT5/tI9ujCIVX+P5KiHuI=
golang.org/x/sys v0.0.0-20190412213103-97732733099d/go.mod h1:h1NjWce9XRLGQEsW7wpKNCjG9DtNlClVuFLEZdDNbEs=
golang.org/x/sys v0.0.0-20190606165138-5da285871e9c/go.mod h1:h1NjWce9XRLGQEsW7wpKNCjG9DtNlClVuFLEZdDNbEs=
golang.org/x/sys v0.0.0-20190609082536-301114b31cce h1:CQakrGkKbydnUmt7cFIlmQ4lNQiqdTPt6xzXij4nYCc=
golang.org/x/sys v0.0.0-20190609082536-301114b31cce/go.mod h1:h1NjWce9XRLGQEsW7wpKNCjG9DtNlClVuFLEZdDNbEs=
golang.org/x/sys v0.0.0-20190616124812-15dcb6c0061f h1:25KHgbfyiSm6vwQLbM3zZIe1v9p/3ea4Rz+nnM5K/i4=
golang.org/x/sys v0.0.0-20190616124812-15dcb6c0061f/go.mod h1:h1NjWce9XRLGQEsW7wpKNCjG9DtNlClVuFLEZdDNbEs=
golang.org/x/text v0.3.0 h1:g61tztE5qeGQ89tm6NTjjM9VPIm088od1l6aSorWRWg=
golang.org/x/text v0.3.0/go.mod h1:NqM8EUOU14njkJ3fqMW+pc6Ldnwhi/IjpwHt7yyuwOQ=
golang.org/x/text v0.3.2 h1:tW2bmiBqwgJj/UpqtC8EpXEZVYOwU0yG4iWbprSVAcs=
golang.org/x/text v0.3.2/go.mod h1:bEr9sfX3Q8Zfm5fL9x+3itogRgK3+ptLWKqgva+5dAk=
golang.org/x/tools v0.0.0-20180917221912-90fa682c2a6e/go.mod h1:n7NCudcB/nEzxVGmLbDWY5pfWTLqBcC2KZ6jyYvM4mQ=
golang.org/x/tools v0.0.0-20190606124116-d0a3d012864b/go.mod h1:/rFqwRUd4F7ZHNgwSSTFct+R/Kf4OFW1sUzUTQQTgfc=
google.golang.org/appengine v1.6.1 h1:QzqyMA1tlu6CgqCDUtU9V+ZKhLFT2dkJuANu5QaxI3I=
google.golang.org/appengine v1.6.1/go.mod h1:i06prIuMbXzDqacNJfV5OdTW448YApPu5ww/cMBSeb0=
gopkg.in/check.v1 v0.0.0-20161208181325-20d25e280405/go.mod h1:Co6ibVJAznAaIkqp8huTwlJQCZ016jof/cbN4VW5Yz0=
gopkg.in/fsnotify.v1 v1.4.7/go.mod h1:Tz8NjZHkW78fSQdbUxIjBTcgA1z1m8ZHf0WmKUhAMys=
gopkg.in/mcuadros/go-syslog.v2 v2.2.1/go.mod h1:l5LPIyOOyIdQquNg+oU6Z3524YwrcqEm0aKH+5zpt2U=
gopkg.in/natefinch/lumberjack.v2 v2.0.0/go.mod h1:l0ndWWf7gzL7RNwBG7wST/UCcT4T24xpD6X8LsfU/+k=
gopkg.in/square/go-jose.v2 v2.2.2/go.mod h1:M9dMgbHiYLoDGQrXy7OpJDJWiKiU//h+vD76mk0e1AI=
gopkg.in/tomb.v1 v1.0.0-20141024135613-dd632973f1e7/go.mod h1:dt/ZhP58zS4L8KSrWDmTeBkI65Dw0HsyUHuEVlX15mw=
gopkg.in/yaml.v2 v2.2.1/go.mod h1:hI93XBmqTisBFMUTm0b8Fm+jr3Dg1NNxqwp+5A1VGuI=
gopkg.in/yaml.v2 v2.2.2/go.mod h1:hI93XBmqTisBFMUTm0b8Fm+jr3Dg1NNxqwp+5A1VGuI=
gotest.tools v2.2.0+incompatible h1:VsBPFP1AI068pPrMxtb/S8Zkgf9xEmTLJjfM+P5UIEo=
gotest.tools v2.2.0+incompatible/go.mod h1:DsYFclhRJ6vuDpmuTbkuFWG+y2sxOXAzmJt81HFBacw=
